
Microsoft Visual Studio Solution File, Format Version 12.00
# Visual Studio Version 16
VisualStudioVersion = 16.0.29609.76
MinimumVisualStudioVersion = 10.0.40219.1
Project("{2150E333-8FDC-42A3-9474-1A3956D46DE8}") = "Solution Items", "Solution Items", "{3C139416-4492-4BD7-884B-51B3DB1E13F7}"
	ProjectSection(SolutionItems) = preProject
		NuGet.Config = NuGet.Config
	EndProjectSection
EndProject
Project("{9A19103F-16F7-4668-BE54-9A1E7A4F7556}") = "CircuitDiagram.Render", "CircuitDiagram.Render\CircuitDiagram.Render.csproj", "{DEF7BF2B-3F45-4406-93DB-F990102B0993}"
EndProject
Project("{9A19103F-16F7-4668-BE54-9A1E7A4F7556}") = "CircuitDiagram.CLI", "CircuitDiagram.CLI\CircuitDiagram.CLI.csproj", "{7B4227A1-26D5-4445-8339-95DA25931EAF}"
EndProject
Project("{9A19103F-16F7-4668-BE54-9A1E7A4F7556}") = "CircuitDiagram.TypeDescriptionIO", "CircuitDiagram.TypeDescriptionIO\CircuitDiagram.TypeDescriptionIO.csproj", "{11490E64-2070-4644-9E65-DD0CD8913EF9}"
EndProject
Project("{9A19103F-16F7-4668-BE54-9A1E7A4F7556}") = "CircuitDiagramCore", "CircuitDiagramCore\CircuitDiagramCore.csproj", "{03A4001D-947E-48E5-A5F4-732835BE95B7}"
EndProject
Project("{9A19103F-16F7-4668-BE54-9A1E7A4F7556}") = "CircuitDiagram.Compiler", "CircuitDiagram.Compiler\CircuitDiagram.Compiler.csproj", "{9D32B6AE-46C1-4C85-9A33-43E99DBEAB20}"
EndProject
Project("{9A19103F-16F7-4668-BE54-9A1E7A4F7556}") = "CircuitDiagram.Compiler.Test", "CircuitDiagram.Compiler.Test\CircuitDiagram.Compiler.Test.csproj", "{0D17E8DA-72AB-42EB-B066-4DE71C45FC24}"
EndProject
Project("{9A19103F-16F7-4668-BE54-9A1E7A4F7556}") = "CircuitDiagram.Document", "CircuitDiagram.Document\CircuitDiagram.Document.csproj", "{E7EF12B2-7A86-43D1-90D0-714EC0643CC3}"
EndProject
Project("{9A19103F-16F7-4668-BE54-9A1E7A4F7556}") = "CircuitDiagram.Document.Test", "CircuitDiagram.Document.Test\CircuitDiagram.Document.Test.csproj", "{0ED886FC-B337-4040-925B-D70C22AA9329}"
EndProject
Project("{9A19103F-16F7-4668-BE54-9A1E7A4F7556}") = "CircuitDiagram.Render.Test", "CircuitDiagram.Render.Test\CircuitDiagram.Render.Test.csproj", "{F7077AC0-9C00-4CFC-98E4-7A51FA2B91B1}"
EndProject
Project("{9A19103F-16F7-4668-BE54-9A1E7A4F7556}") = "CircuitDiagramCore.Test", "CircuitDiagramCore.Test\CircuitDiagramCore.Test.csproj", "{2BB1AA12-F247-4754-885E-7F4867E56666}"
EndProject
Project("{9A19103F-16F7-4668-BE54-9A1E7A4F7556}") = "CircuitDiagram.Render.Skia", "CircuitDiagram.Render.Skia\CircuitDiagram.Render.Skia.csproj", "{D81CED39-466E-4149-BCE3-0A5877ED17D0}"
EndProject
Project("{9A19103F-16F7-4668-BE54-9A1E7A4F7556}") = "CircuitDiagram.TypeDescription.Definition", "CircuitDiagram.ComponentDescription.Template\CircuitDiagram.TypeDescription.Definition.csproj", "{5AAED7D2-FEA4-41FD-B785-7F005ABC6160}"
EndProject
Project("{9A19103F-16F7-4668-BE54-9A1E7A4F7556}") = "CircuitDiagram.Render.ImageSharp", "CircuitDiagram.Render.ImageSharp\CircuitDiagram.Render.ImageSharp.csproj", "{AFC77A04-22F9-45BD-A5CC-952672ACB42F}"
EndProject
Project("{9A19103F-16F7-4668-BE54-9A1E7A4F7556}") = "CircuitDiagram.TypeDescriptionIO.Test", "CircuitDiagram.TypeDescriptionIO.Test\CircuitDiagram.TypeDescriptionIO.Test.csproj", "{8FDBA772-3339-4CB7-B7B1-7640EE7D0333}"
EndProject
Project("{9A19103F-16F7-4668-BE54-9A1E7A4F7556}") = "CircuitDiagram.TypeDescriptionIO.Xml.Extensions.Test", "CircuitDiagram.TypeDescriptionIO.Xml.Extensions.Test\CircuitDiagram.TypeDescriptionIO.Xml.Extensions.Test.csproj", "{C91ECFC0-551D-43E1-97AB-5E5487E8F79F}"
EndProject
Project("{9A19103F-16F7-4668-BE54-9A1E7A4F7556}") = "CircuitDiagram.TypeDescriptionIO.Xml.Extensions", "CircuitDiagram.TypeDescriptionIO.Xml.Extensions\CircuitDiagram.TypeDescriptionIO.Xml.Extensions.csproj", "{4DF9B2AC-5BC6-44AF-A105-39B67B330705}"
EndProject
Project("{FAE04EC0-301F-11D3-BF4B-00C04F79EFBC}") = "CircuitDiagram.UI", "CircuitDiagram.UI\CircuitDiagram.UI.csproj", "{B8CE288A-8D89-4FA3-B9A5-CCD854AD7311}"
EndProject
Project("{FAE04EC0-301F-11D3-BF4B-00C04F79EFBC}") = "CircuitDiagram.Web", "CircuitDiagram.Web\CircuitDiagram.Web.csproj", "{C74A3559-2729-4F82-9B47-0AFF445541B1}"
EndProject
Project("{FAE04EC0-301F-11D3-BF4B-00C04F79EFBC}") = "CircuitDiagram.UI.Shared", "CircuitDiagram.UI.Shared\CircuitDiagram.UI.Shared.csproj", "{F3D873FB-9759-48B5-884E-CB8FCC2F3D59}"
EndProject
Project("{FAE04EC0-301F-11D3-BF4B-00C04F79EFBC}") = "CircuitDiagram.UI.Hybrid", "CircuitDiagram.UI.Hybrid\CircuitDiagram.UI.Hybrid.csproj", "{7E2A47BC-3B87-4275-91AE-C2CA23E57A92}"
EndProject
Project("{FAE04EC0-301F-11D3-BF4B-00C04F79EFBC}") = "CircuitDiagram.UI.Browser", "CircuitDiagram.UI.Browser\CircuitDiagram.UI.Browser.csproj", "{52407C35-D942-47A3-BF6D-6CC935C3A80A}"
EndProject
Global
	GlobalSection(SolutionConfigurationPlatforms) = preSolution
		Debug|Any CPU = Debug|Any CPU
		Debug|x64 = Debug|x64
		Debug|x86 = Debug|x86
		Portable|Any CPU = Portable|Any CPU
		Portable|x64 = Portable|x64
		Portable|x86 = Portable|x86
		Release|Any CPU = Release|Any CPU
		Release|x64 = Release|x64
		Release|x86 = Release|x86
	EndGlobalSection
	GlobalSection(ProjectConfigurationPlatforms) = postSolution
		{DEF7BF2B-3F45-4406-93DB-F990102B0993}.Debug|Any CPU.ActiveCfg = Debug|Any CPU
		{DEF7BF2B-3F45-4406-93DB-F990102B0993}.Debug|Any CPU.Build.0 = Debug|Any CPU
		{DEF7BF2B-3F45-4406-93DB-F990102B0993}.Debug|x64.ActiveCfg = Debug|Any CPU
		{DEF7BF2B-3F45-4406-93DB-F990102B0993}.Debug|x64.Build.0 = Debug|Any CPU
		{DEF7BF2B-3F45-4406-93DB-F990102B0993}.Debug|x86.ActiveCfg = Debug|Any CPU
		{DEF7BF2B-3F45-4406-93DB-F990102B0993}.Debug|x86.Build.0 = Debug|Any CPU
		{DEF7BF2B-3F45-4406-93DB-F990102B0993}.Portable|Any CPU.ActiveCfg = Debug|Any CPU
		{DEF7BF2B-3F45-4406-93DB-F990102B0993}.Portable|Any CPU.Build.0 = Debug|Any CPU
		{DEF7BF2B-3F45-4406-93DB-F990102B0993}.Portable|x64.ActiveCfg = Portable|Any CPU
		{DEF7BF2B-3F45-4406-93DB-F990102B0993}.Portable|x64.Build.0 = Portable|Any CPU
		{DEF7BF2B-3F45-4406-93DB-F990102B0993}.Portable|x86.ActiveCfg = Portable|Any CPU
		{DEF7BF2B-3F45-4406-93DB-F990102B0993}.Portable|x86.Build.0 = Portable|Any CPU
		{DEF7BF2B-3F45-4406-93DB-F990102B0993}.Release|Any CPU.ActiveCfg = Release|Any CPU
		{DEF7BF2B-3F45-4406-93DB-F990102B0993}.Release|Any CPU.Build.0 = Release|Any CPU
		{DEF7BF2B-3F45-4406-93DB-F990102B0993}.Release|x64.ActiveCfg = Release|Any CPU
		{DEF7BF2B-3F45-4406-93DB-F990102B0993}.Release|x64.Build.0 = Release|Any CPU
		{DEF7BF2B-3F45-4406-93DB-F990102B0993}.Release|x86.ActiveCfg = Release|Any CPU
		{DEF7BF2B-3F45-4406-93DB-F990102B0993}.Release|x86.Build.0 = Release|Any CPU
		{7B4227A1-26D5-4445-8339-95DA25931EAF}.Debug|Any CPU.ActiveCfg = Debug|Any CPU
		{7B4227A1-26D5-4445-8339-95DA25931EAF}.Debug|Any CPU.Build.0 = Debug|Any CPU
		{7B4227A1-26D5-4445-8339-95DA25931EAF}.Debug|x64.ActiveCfg = Debug|Any CPU
		{7B4227A1-26D5-4445-8339-95DA25931EAF}.Debug|x64.Build.0 = Debug|Any CPU
		{7B4227A1-26D5-4445-8339-95DA25931EAF}.Debug|x86.ActiveCfg = Debug|Any CPU
		{7B4227A1-26D5-4445-8339-95DA25931EAF}.Debug|x86.Build.0 = Debug|Any CPU
		{7B4227A1-26D5-4445-8339-95DA25931EAF}.Portable|Any CPU.ActiveCfg = Debug|Any CPU
		{7B4227A1-26D5-4445-8339-95DA25931EAF}.Portable|Any CPU.Build.0 = Debug|Any CPU
		{7B4227A1-26D5-4445-8339-95DA25931EAF}.Portable|x64.ActiveCfg = Portable|Any CPU
		{7B4227A1-26D5-4445-8339-95DA25931EAF}.Portable|x64.Build.0 = Portable|Any CPU
		{7B4227A1-26D5-4445-8339-95DA25931EAF}.Portable|x86.ActiveCfg = Portable|Any CPU
		{7B4227A1-26D5-4445-8339-95DA25931EAF}.Portable|x86.Build.0 = Portable|Any CPU
		{7B4227A1-26D5-4445-8339-95DA25931EAF}.Release|Any CPU.ActiveCfg = Release|Any CPU
		{7B4227A1-26D5-4445-8339-95DA25931EAF}.Release|Any CPU.Build.0 = Release|Any CPU
		{7B4227A1-26D5-4445-8339-95DA25931EAF}.Release|x64.ActiveCfg = Release|Any CPU
		{7B4227A1-26D5-4445-8339-95DA25931EAF}.Release|x64.Build.0 = Release|Any CPU
		{7B4227A1-26D5-4445-8339-95DA25931EAF}.Release|x86.ActiveCfg = Release|Any CPU
		{7B4227A1-26D5-4445-8339-95DA25931EAF}.Release|x86.Build.0 = Release|Any CPU
		{11490E64-2070-4644-9E65-DD0CD8913EF9}.Debug|Any CPU.ActiveCfg = Debug|Any CPU
		{11490E64-2070-4644-9E65-DD0CD8913EF9}.Debug|Any CPU.Build.0 = Debug|Any CPU
		{11490E64-2070-4644-9E65-DD0CD8913EF9}.Debug|x64.ActiveCfg = Debug|Any CPU
		{11490E64-2070-4644-9E65-DD0CD8913EF9}.Debug|x64.Build.0 = Debug|Any CPU
		{11490E64-2070-4644-9E65-DD0CD8913EF9}.Debug|x86.ActiveCfg = Debug|Any CPU
		{11490E64-2070-4644-9E65-DD0CD8913EF9}.Debug|x86.Build.0 = Debug|Any CPU
		{11490E64-2070-4644-9E65-DD0CD8913EF9}.Portable|Any CPU.ActiveCfg = Debug|Any CPU
		{11490E64-2070-4644-9E65-DD0CD8913EF9}.Portable|Any CPU.Build.0 = Debug|Any CPU
		{11490E64-2070-4644-9E65-DD0CD8913EF9}.Portable|x64.ActiveCfg = Portable|Any CPU
		{11490E64-2070-4644-9E65-DD0CD8913EF9}.Portable|x64.Build.0 = Portable|Any CPU
		{11490E64-2070-4644-9E65-DD0CD8913EF9}.Portable|x86.ActiveCfg = Portable|Any CPU
		{11490E64-2070-4644-9E65-DD0CD8913EF9}.Portable|x86.Build.0 = Portable|Any CPU
		{11490E64-2070-4644-9E65-DD0CD8913EF9}.Release|Any CPU.ActiveCfg = Release|Any CPU
		{11490E64-2070-4644-9E65-DD0CD8913EF9}.Release|Any CPU.Build.0 = Release|Any CPU
		{11490E64-2070-4644-9E65-DD0CD8913EF9}.Release|x64.ActiveCfg = Release|Any CPU
		{11490E64-2070-4644-9E65-DD0CD8913EF9}.Release|x64.Build.0 = Release|Any CPU
		{11490E64-2070-4644-9E65-DD0CD8913EF9}.Release|x86.ActiveCfg = Release|Any CPU
		{11490E64-2070-4644-9E65-DD0CD8913EF9}.Release|x86.Build.0 = Release|Any CPU
		{03A4001D-947E-48E5-A5F4-732835BE95B7}.Debug|Any CPU.ActiveCfg = Debug|Any CPU
		{03A4001D-947E-48E5-A5F4-732835BE95B7}.Debug|Any CPU.Build.0 = Debug|Any CPU
		{03A4001D-947E-48E5-A5F4-732835BE95B7}.Debug|x64.ActiveCfg = Debug|Any CPU
		{03A4001D-947E-48E5-A5F4-732835BE95B7}.Debug|x64.Build.0 = Debug|Any CPU
		{03A4001D-947E-48E5-A5F4-732835BE95B7}.Debug|x86.ActiveCfg = Debug|Any CPU
		{03A4001D-947E-48E5-A5F4-732835BE95B7}.Debug|x86.Build.0 = Debug|Any CPU
		{03A4001D-947E-48E5-A5F4-732835BE95B7}.Portable|Any CPU.ActiveCfg = Debug|Any CPU
		{03A4001D-947E-48E5-A5F4-732835BE95B7}.Portable|Any CPU.Build.0 = Debug|Any CPU
		{03A4001D-947E-48E5-A5F4-732835BE95B7}.Portable|x64.ActiveCfg = Portable|Any CPU
		{03A4001D-947E-48E5-A5F4-732835BE95B7}.Portable|x64.Build.0 = Portable|Any CPU
		{03A4001D-947E-48E5-A5F4-732835BE95B7}.Portable|x86.ActiveCfg = Portable|Any CPU
		{03A4001D-947E-48E5-A5F4-732835BE95B7}.Portable|x86.Build.0 = Portable|Any CPU
		{03A4001D-947E-48E5-A5F4-732835BE95B7}.Release|Any CPU.ActiveCfg = Release|Any CPU
		{03A4001D-947E-48E5-A5F4-732835BE95B7}.Release|Any CPU.Build.0 = Release|Any CPU
		{03A4001D-947E-48E5-A5F4-732835BE95B7}.Release|x64.ActiveCfg = Release|Any CPU
		{03A4001D-947E-48E5-A5F4-732835BE95B7}.Release|x64.Build.0 = Release|Any CPU
		{03A4001D-947E-48E5-A5F4-732835BE95B7}.Release|x86.ActiveCfg = Release|Any CPU
		{03A4001D-947E-48E5-A5F4-732835BE95B7}.Release|x86.Build.0 = Release|Any CPU
		{9D32B6AE-46C1-4C85-9A33-43E99DBEAB20}.Debug|Any CPU.ActiveCfg = Debug|Any CPU
		{9D32B6AE-46C1-4C85-9A33-43E99DBEAB20}.Debug|Any CPU.Build.0 = Debug|Any CPU
		{9D32B6AE-46C1-4C85-9A33-43E99DBEAB20}.Debug|x64.ActiveCfg = Debug|Any CPU
		{9D32B6AE-46C1-4C85-9A33-43E99DBEAB20}.Debug|x64.Build.0 = Debug|Any CPU
		{9D32B6AE-46C1-4C85-9A33-43E99DBEAB20}.Debug|x86.ActiveCfg = Debug|Any CPU
		{9D32B6AE-46C1-4C85-9A33-43E99DBEAB20}.Debug|x86.Build.0 = Debug|Any CPU
		{9D32B6AE-46C1-4C85-9A33-43E99DBEAB20}.Portable|Any CPU.ActiveCfg = Debug|Any CPU
		{9D32B6AE-46C1-4C85-9A33-43E99DBEAB20}.Portable|Any CPU.Build.0 = Debug|Any CPU
		{9D32B6AE-46C1-4C85-9A33-43E99DBEAB20}.Portable|x64.ActiveCfg = Portable|Any CPU
		{9D32B6AE-46C1-4C85-9A33-43E99DBEAB20}.Portable|x64.Build.0 = Portable|Any CPU
		{9D32B6AE-46C1-4C85-9A33-43E99DBEAB20}.Portable|x86.ActiveCfg = Portable|Any CPU
		{9D32B6AE-46C1-4C85-9A33-43E99DBEAB20}.Portable|x86.Build.0 = Portable|Any CPU
		{9D32B6AE-46C1-4C85-9A33-43E99DBEAB20}.Release|Any CPU.ActiveCfg = Release|Any CPU
		{9D32B6AE-46C1-4C85-9A33-43E99DBEAB20}.Release|Any CPU.Build.0 = Release|Any CPU
		{9D32B6AE-46C1-4C85-9A33-43E99DBEAB20}.Release|x64.ActiveCfg = Release|Any CPU
		{9D32B6AE-46C1-4C85-9A33-43E99DBEAB20}.Release|x64.Build.0 = Release|Any CPU
		{9D32B6AE-46C1-4C85-9A33-43E99DBEAB20}.Release|x86.ActiveCfg = Release|Any CPU
		{9D32B6AE-46C1-4C85-9A33-43E99DBEAB20}.Release|x86.Build.0 = Release|Any CPU
		{0D17E8DA-72AB-42EB-B066-4DE71C45FC24}.Debug|Any CPU.ActiveCfg = Debug|Any CPU
		{0D17E8DA-72AB-42EB-B066-4DE71C45FC24}.Debug|Any CPU.Build.0 = Debug|Any CPU
		{0D17E8DA-72AB-42EB-B066-4DE71C45FC24}.Debug|x64.ActiveCfg = Debug|Any CPU
		{0D17E8DA-72AB-42EB-B066-4DE71C45FC24}.Debug|x64.Build.0 = Debug|Any CPU
		{0D17E8DA-72AB-42EB-B066-4DE71C45FC24}.Debug|x86.ActiveCfg = Debug|Any CPU
		{0D17E8DA-72AB-42EB-B066-4DE71C45FC24}.Debug|x86.Build.0 = Debug|Any CPU
		{0D17E8DA-72AB-42EB-B066-4DE71C45FC24}.Portable|Any CPU.ActiveCfg = Debug|Any CPU
		{0D17E8DA-72AB-42EB-B066-4DE71C45FC24}.Portable|Any CPU.Build.0 = Debug|Any CPU
		{0D17E8DA-72AB-42EB-B066-4DE71C45FC24}.Portable|x64.ActiveCfg = Portable|Any CPU
		{0D17E8DA-72AB-42EB-B066-4DE71C45FC24}.Portable|x64.Build.0 = Portable|Any CPU
		{0D17E8DA-72AB-42EB-B066-4DE71C45FC24}.Portable|x86.ActiveCfg = Portable|Any CPU
		{0D17E8DA-72AB-42EB-B066-4DE71C45FC24}.Portable|x86.Build.0 = Portable|Any CPU
		{0D17E8DA-72AB-42EB-B066-4DE71C45FC24}.Release|Any CPU.ActiveCfg = Release|Any CPU
		{0D17E8DA-72AB-42EB-B066-4DE71C45FC24}.Release|Any CPU.Build.0 = Release|Any CPU
		{0D17E8DA-72AB-42EB-B066-4DE71C45FC24}.Release|x64.ActiveCfg = Release|Any CPU
		{0D17E8DA-72AB-42EB-B066-4DE71C45FC24}.Release|x64.Build.0 = Release|Any CPU
		{0D17E8DA-72AB-42EB-B066-4DE71C45FC24}.Release|x86.ActiveCfg = Release|Any CPU
		{0D17E8DA-72AB-42EB-B066-4DE71C45FC24}.Release|x86.Build.0 = Release|Any CPU
		{E7EF12B2-7A86-43D1-90D0-714EC0643CC3}.Debug|Any CPU.ActiveCfg = Debug|Any CPU
		{E7EF12B2-7A86-43D1-90D0-714EC0643CC3}.Debug|Any CPU.Build.0 = Debug|Any CPU
		{E7EF12B2-7A86-43D1-90D0-714EC0643CC3}.Debug|x64.ActiveCfg = Debug|Any CPU
		{E7EF12B2-7A86-43D1-90D0-714EC0643CC3}.Debug|x64.Build.0 = Debug|Any CPU
		{E7EF12B2-7A86-43D1-90D0-714EC0643CC3}.Debug|x86.ActiveCfg = Debug|Any CPU
		{E7EF12B2-7A86-43D1-90D0-714EC0643CC3}.Debug|x86.Build.0 = Debug|Any CPU
		{E7EF12B2-7A86-43D1-90D0-714EC0643CC3}.Portable|Any CPU.ActiveCfg = Debug|Any CPU
		{E7EF12B2-7A86-43D1-90D0-714EC0643CC3}.Portable|Any CPU.Build.0 = Debug|Any CPU
		{E7EF12B2-7A86-43D1-90D0-714EC0643CC3}.Portable|x64.ActiveCfg = Portable|Any CPU
		{E7EF12B2-7A86-43D1-90D0-714EC0643CC3}.Portable|x64.Build.0 = Portable|Any CPU
		{E7EF12B2-7A86-43D1-90D0-714EC0643CC3}.Portable|x86.ActiveCfg = Portable|Any CPU
		{E7EF12B2-7A86-43D1-90D0-714EC0643CC3}.Portable|x86.Build.0 = Portable|Any CPU
		{E7EF12B2-7A86-43D1-90D0-714EC0643CC3}.Release|Any CPU.ActiveCfg = Release|Any CPU
		{E7EF12B2-7A86-43D1-90D0-714EC0643CC3}.Release|Any CPU.Build.0 = Release|Any CPU
		{E7EF12B2-7A86-43D1-90D0-714EC0643CC3}.Release|x64.ActiveCfg = Release|Any CPU
		{E7EF12B2-7A86-43D1-90D0-714EC0643CC3}.Release|x64.Build.0 = Release|Any CPU
		{E7EF12B2-7A86-43D1-90D0-714EC0643CC3}.Release|x86.ActiveCfg = Release|Any CPU
		{E7EF12B2-7A86-43D1-90D0-714EC0643CC3}.Release|x86.Build.0 = Release|Any CPU
		{0ED886FC-B337-4040-925B-D70C22AA9329}.Debug|Any CPU.ActiveCfg = Debug|Any CPU
		{0ED886FC-B337-4040-925B-D70C22AA9329}.Debug|Any CPU.Build.0 = Debug|Any CPU
		{0ED886FC-B337-4040-925B-D70C22AA9329}.Debug|x64.ActiveCfg = Debug|Any CPU
		{0ED886FC-B337-4040-925B-D70C22AA9329}.Debug|x64.Build.0 = Debug|Any CPU
		{0ED886FC-B337-4040-925B-D70C22AA9329}.Debug|x86.ActiveCfg = Debug|Any CPU
		{0ED886FC-B337-4040-925B-D70C22AA9329}.Debug|x86.Build.0 = Debug|Any CPU
		{0ED886FC-B337-4040-925B-D70C22AA9329}.Portable|Any CPU.ActiveCfg = Debug|Any CPU
		{0ED886FC-B337-4040-925B-D70C22AA9329}.Portable|Any CPU.Build.0 = Debug|Any CPU
		{0ED886FC-B337-4040-925B-D70C22AA9329}.Portable|x64.ActiveCfg = Portable|Any CPU
		{0ED886FC-B337-4040-925B-D70C22AA9329}.Portable|x64.Build.0 = Portable|Any CPU
		{0ED886FC-B337-4040-925B-D70C22AA9329}.Portable|x86.ActiveCfg = Portable|Any CPU
		{0ED886FC-B337-4040-925B-D70C22AA9329}.Portable|x86.Build.0 = Portable|Any CPU
		{0ED886FC-B337-4040-925B-D70C22AA9329}.Release|Any CPU.ActiveCfg = Release|Any CPU
		{0ED886FC-B337-4040-925B-D70C22AA9329}.Release|Any CPU.Build.0 = Release|Any CPU
		{0ED886FC-B337-4040-925B-D70C22AA9329}.Release|x64.ActiveCfg = Release|Any CPU
		{0ED886FC-B337-4040-925B-D70C22AA9329}.Release|x64.Build.0 = Release|Any CPU
		{0ED886FC-B337-4040-925B-D70C22AA9329}.Release|x86.ActiveCfg = Release|Any CPU
		{0ED886FC-B337-4040-925B-D70C22AA9329}.Release|x86.Build.0 = Release|Any CPU
		{F7077AC0-9C00-4CFC-98E4-7A51FA2B91B1}.Debug|Any CPU.ActiveCfg = Debug|Any CPU
		{F7077AC0-9C00-4CFC-98E4-7A51FA2B91B1}.Debug|Any CPU.Build.0 = Debug|Any CPU
		{F7077AC0-9C00-4CFC-98E4-7A51FA2B91B1}.Debug|x64.ActiveCfg = Debug|Any CPU
		{F7077AC0-9C00-4CFC-98E4-7A51FA2B91B1}.Debug|x64.Build.0 = Debug|Any CPU
		{F7077AC0-9C00-4CFC-98E4-7A51FA2B91B1}.Debug|x86.ActiveCfg = Debug|Any CPU
		{F7077AC0-9C00-4CFC-98E4-7A51FA2B91B1}.Debug|x86.Build.0 = Debug|Any CPU
		{F7077AC0-9C00-4CFC-98E4-7A51FA2B91B1}.Portable|Any CPU.ActiveCfg = Debug|Any CPU
		{F7077AC0-9C00-4CFC-98E4-7A51FA2B91B1}.Portable|Any CPU.Build.0 = Debug|Any CPU
		{F7077AC0-9C00-4CFC-98E4-7A51FA2B91B1}.Portable|x64.ActiveCfg = Portable|Any CPU
		{F7077AC0-9C00-4CFC-98E4-7A51FA2B91B1}.Portable|x64.Build.0 = Portable|Any CPU
		{F7077AC0-9C00-4CFC-98E4-7A51FA2B91B1}.Portable|x86.ActiveCfg = Portable|Any CPU
		{F7077AC0-9C00-4CFC-98E4-7A51FA2B91B1}.Portable|x86.Build.0 = Portable|Any CPU
		{F7077AC0-9C00-4CFC-98E4-7A51FA2B91B1}.Release|Any CPU.ActiveCfg = Release|Any CPU
		{F7077AC0-9C00-4CFC-98E4-7A51FA2B91B1}.Release|Any CPU.Build.0 = Release|Any CPU
		{F7077AC0-9C00-4CFC-98E4-7A51FA2B91B1}.Release|x64.ActiveCfg = Release|Any CPU
		{F7077AC0-9C00-4CFC-98E4-7A51FA2B91B1}.Release|x64.Build.0 = Release|Any CPU
		{F7077AC0-9C00-4CFC-98E4-7A51FA2B91B1}.Release|x86.ActiveCfg = Release|Any CPU
		{F7077AC0-9C00-4CFC-98E4-7A51FA2B91B1}.Release|x86.Build.0 = Release|Any CPU
		{2BB1AA12-F247-4754-885E-7F4867E56666}.Debug|Any CPU.ActiveCfg = Debug|Any CPU
		{2BB1AA12-F247-4754-885E-7F4867E56666}.Debug|Any CPU.Build.0 = Debug|Any CPU
		{2BB1AA12-F247-4754-885E-7F4867E56666}.Debug|x64.ActiveCfg = Debug|Any CPU
		{2BB1AA12-F247-4754-885E-7F4867E56666}.Debug|x64.Build.0 = Debug|Any CPU
		{2BB1AA12-F247-4754-885E-7F4867E56666}.Debug|x86.ActiveCfg = Debug|Any CPU
		{2BB1AA12-F247-4754-885E-7F4867E56666}.Debug|x86.Build.0 = Debug|Any CPU
		{2BB1AA12-F247-4754-885E-7F4867E56666}.Portable|Any CPU.ActiveCfg = Debug|Any CPU
		{2BB1AA12-F247-4754-885E-7F4867E56666}.Portable|Any CPU.Build.0 = Debug|Any CPU
		{2BB1AA12-F247-4754-885E-7F4867E56666}.Portable|x64.ActiveCfg = Portable|Any CPU
		{2BB1AA12-F247-4754-885E-7F4867E56666}.Portable|x64.Build.0 = Portable|Any CPU
		{2BB1AA12-F247-4754-885E-7F4867E56666}.Portable|x86.ActiveCfg = Portable|Any CPU
		{2BB1AA12-F247-4754-885E-7F4867E56666}.Portable|x86.Build.0 = Portable|Any CPU
		{2BB1AA12-F247-4754-885E-7F4867E56666}.Release|Any CPU.ActiveCfg = Release|Any CPU
		{2BB1AA12-F247-4754-885E-7F4867E56666}.Release|Any CPU.Build.0 = Release|Any CPU
		{2BB1AA12-F247-4754-885E-7F4867E56666}.Release|x64.ActiveCfg = Release|Any CPU
		{2BB1AA12-F247-4754-885E-7F4867E56666}.Release|x64.Build.0 = Release|Any CPU
		{2BB1AA12-F247-4754-885E-7F4867E56666}.Release|x86.ActiveCfg = Release|Any CPU
		{2BB1AA12-F247-4754-885E-7F4867E56666}.Release|x86.Build.0 = Release|Any CPU
		{D81CED39-466E-4149-BCE3-0A5877ED17D0}.Debug|Any CPU.ActiveCfg = Debug|Any CPU
		{D81CED39-466E-4149-BCE3-0A5877ED17D0}.Debug|Any CPU.Build.0 = Debug|Any CPU
		{D81CED39-466E-4149-BCE3-0A5877ED17D0}.Debug|x64.ActiveCfg = Debug|Any CPU
		{D81CED39-466E-4149-BCE3-0A5877ED17D0}.Debug|x64.Build.0 = Debug|Any CPU
		{D81CED39-466E-4149-BCE3-0A5877ED17D0}.Debug|x86.ActiveCfg = Debug|Any CPU
		{D81CED39-466E-4149-BCE3-0A5877ED17D0}.Debug|x86.Build.0 = Debug|Any CPU
		{D81CED39-466E-4149-BCE3-0A5877ED17D0}.Portable|Any CPU.ActiveCfg = Debug|Any CPU
		{D81CED39-466E-4149-BCE3-0A5877ED17D0}.Portable|Any CPU.Build.0 = Debug|Any CPU
		{D81CED39-466E-4149-BCE3-0A5877ED17D0}.Portable|x64.ActiveCfg = Portable|Any CPU
		{D81CED39-466E-4149-BCE3-0A5877ED17D0}.Portable|x64.Build.0 = Portable|Any CPU
		{D81CED39-466E-4149-BCE3-0A5877ED17D0}.Portable|x86.ActiveCfg = Portable|Any CPU
		{D81CED39-466E-4149-BCE3-0A5877ED17D0}.Portable|x86.Build.0 = Portable|Any CPU
		{D81CED39-466E-4149-BCE3-0A5877ED17D0}.Release|Any CPU.ActiveCfg = Release|Any CPU
		{D81CED39-466E-4149-BCE3-0A5877ED17D0}.Release|Any CPU.Build.0 = Release|Any CPU
		{D81CED39-466E-4149-BCE3-0A5877ED17D0}.Release|x64.ActiveCfg = Release|Any CPU
		{D81CED39-466E-4149-BCE3-0A5877ED17D0}.Release|x64.Build.0 = Release|Any CPU
		{D81CED39-466E-4149-BCE3-0A5877ED17D0}.Release|x86.ActiveCfg = Release|Any CPU
		{D81CED39-466E-4149-BCE3-0A5877ED17D0}.Release|x86.Build.0 = Release|Any CPU
		{5AAED7D2-FEA4-41FD-B785-7F005ABC6160}.Debug|Any CPU.ActiveCfg = Debug|Any CPU
		{5AAED7D2-FEA4-41FD-B785-7F005ABC6160}.Debug|Any CPU.Build.0 = Debug|Any CPU
		{5AAED7D2-FEA4-41FD-B785-7F005ABC6160}.Debug|x64.ActiveCfg = Debug|Any CPU
		{5AAED7D2-FEA4-41FD-B785-7F005ABC6160}.Debug|x64.Build.0 = Debug|Any CPU
		{5AAED7D2-FEA4-41FD-B785-7F005ABC6160}.Debug|x86.ActiveCfg = Debug|Any CPU
		{5AAED7D2-FEA4-41FD-B785-7F005ABC6160}.Debug|x86.Build.0 = Debug|Any CPU
		{5AAED7D2-FEA4-41FD-B785-7F005ABC6160}.Portable|Any CPU.ActiveCfg = Debug|Any CPU
		{5AAED7D2-FEA4-41FD-B785-7F005ABC6160}.Portable|Any CPU.Build.0 = Debug|Any CPU
		{5AAED7D2-FEA4-41FD-B785-7F005ABC6160}.Portable|x64.ActiveCfg = Portable|Any CPU
		{5AAED7D2-FEA4-41FD-B785-7F005ABC6160}.Portable|x64.Build.0 = Portable|Any CPU
		{5AAED7D2-FEA4-41FD-B785-7F005ABC6160}.Portable|x86.ActiveCfg = Portable|Any CPU
		{5AAED7D2-FEA4-41FD-B785-7F005ABC6160}.Portable|x86.Build.0 = Portable|Any CPU
		{5AAED7D2-FEA4-41FD-B785-7F005ABC6160}.Release|Any CPU.ActiveCfg = Release|Any CPU
		{5AAED7D2-FEA4-41FD-B785-7F005ABC6160}.Release|Any CPU.Build.0 = Release|Any CPU
		{5AAED7D2-FEA4-41FD-B785-7F005ABC6160}.Release|x64.ActiveCfg = Release|Any CPU
		{5AAED7D2-FEA4-41FD-B785-7F005ABC6160}.Release|x64.Build.0 = Release|Any CPU
		{5AAED7D2-FEA4-41FD-B785-7F005ABC6160}.Release|x86.ActiveCfg = Release|Any CPU
		{5AAED7D2-FEA4-41FD-B785-7F005ABC6160}.Release|x86.Build.0 = Release|Any CPU
		{AFC77A04-22F9-45BD-A5CC-952672ACB42F}.Debug|Any CPU.ActiveCfg = Debug|Any CPU
		{AFC77A04-22F9-45BD-A5CC-952672ACB42F}.Debug|Any CPU.Build.0 = Debug|Any CPU
		{AFC77A04-22F9-45BD-A5CC-952672ACB42F}.Debug|x64.ActiveCfg = Debug|Any CPU
		{AFC77A04-22F9-45BD-A5CC-952672ACB42F}.Debug|x64.Build.0 = Debug|Any CPU
		{AFC77A04-22F9-45BD-A5CC-952672ACB42F}.Debug|x86.ActiveCfg = Debug|Any CPU
		{AFC77A04-22F9-45BD-A5CC-952672ACB42F}.Debug|x86.Build.0 = Debug|Any CPU
		{AFC77A04-22F9-45BD-A5CC-952672ACB42F}.Portable|Any CPU.ActiveCfg = Debug|Any CPU
		{AFC77A04-22F9-45BD-A5CC-952672ACB42F}.Portable|Any CPU.Build.0 = Debug|Any CPU
		{AFC77A04-22F9-45BD-A5CC-952672ACB42F}.Portable|x64.ActiveCfg = Portable|Any CPU
		{AFC77A04-22F9-45BD-A5CC-952672ACB42F}.Portable|x64.Build.0 = Portable|Any CPU
		{AFC77A04-22F9-45BD-A5CC-952672ACB42F}.Portable|x86.ActiveCfg = Portable|Any CPU
		{AFC77A04-22F9-45BD-A5CC-952672ACB42F}.Portable|x86.Build.0 = Portable|Any CPU
		{AFC77A04-22F9-45BD-A5CC-952672ACB42F}.Release|Any CPU.ActiveCfg = Release|Any CPU
		{AFC77A04-22F9-45BD-A5CC-952672ACB42F}.Release|Any CPU.Build.0 = Release|Any CPU
		{AFC77A04-22F9-45BD-A5CC-952672ACB42F}.Release|x64.ActiveCfg = Release|Any CPU
		{AFC77A04-22F9-45BD-A5CC-952672ACB42F}.Release|x64.Build.0 = Release|Any CPU
		{AFC77A04-22F9-45BD-A5CC-952672ACB42F}.Release|x86.ActiveCfg = Release|Any CPU
		{AFC77A04-22F9-45BD-A5CC-952672ACB42F}.Release|x86.Build.0 = Release|Any CPU
		{8FDBA772-3339-4CB7-B7B1-7640EE7D0333}.Debug|Any CPU.ActiveCfg = Debug|Any CPU
		{8FDBA772-3339-4CB7-B7B1-7640EE7D0333}.Debug|Any CPU.Build.0 = Debug|Any CPU
		{8FDBA772-3339-4CB7-B7B1-7640EE7D0333}.Debug|x64.ActiveCfg = Debug|Any CPU
		{8FDBA772-3339-4CB7-B7B1-7640EE7D0333}.Debug|x64.Build.0 = Debug|Any CPU
		{8FDBA772-3339-4CB7-B7B1-7640EE7D0333}.Debug|x86.ActiveCfg = Debug|Any CPU
		{8FDBA772-3339-4CB7-B7B1-7640EE7D0333}.Debug|x86.Build.0 = Debug|Any CPU
		{8FDBA772-3339-4CB7-B7B1-7640EE7D0333}.Portable|Any CPU.ActiveCfg = Debug|Any CPU
		{8FDBA772-3339-4CB7-B7B1-7640EE7D0333}.Portable|Any CPU.Build.0 = Debug|Any CPU
		{8FDBA772-3339-4CB7-B7B1-7640EE7D0333}.Portable|x64.ActiveCfg = Portable|Any CPU
		{8FDBA772-3339-4CB7-B7B1-7640EE7D0333}.Portable|x64.Build.0 = Portable|Any CPU
		{8FDBA772-3339-4CB7-B7B1-7640EE7D0333}.Portable|x86.ActiveCfg = Portable|Any CPU
		{8FDBA772-3339-4CB7-B7B1-7640EE7D0333}.Portable|x86.Build.0 = Portable|Any CPU
		{8FDBA772-3339-4CB7-B7B1-7640EE7D0333}.Release|Any CPU.ActiveCfg = Release|Any CPU
		{8FDBA772-3339-4CB7-B7B1-7640EE7D0333}.Release|Any CPU.Build.0 = Release|Any CPU
		{8FDBA772-3339-4CB7-B7B1-7640EE7D0333}.Release|x64.ActiveCfg = Release|Any CPU
		{8FDBA772-3339-4CB7-B7B1-7640EE7D0333}.Release|x64.Build.0 = Release|Any CPU
		{8FDBA772-3339-4CB7-B7B1-7640EE7D0333}.Release|x86.ActiveCfg = Release|Any CPU
		{8FDBA772-3339-4CB7-B7B1-7640EE7D0333}.Release|x86.Build.0 = Release|Any CPU
		{C91ECFC0-551D-43E1-97AB-5E5487E8F79F}.Debug|Any CPU.ActiveCfg = Debug|Any CPU
		{C91ECFC0-551D-43E1-97AB-5E5487E8F79F}.Debug|Any CPU.Build.0 = Debug|Any CPU
		{C91ECFC0-551D-43E1-97AB-5E5487E8F79F}.Debug|x64.ActiveCfg = Debug|Any CPU
		{C91ECFC0-551D-43E1-97AB-5E5487E8F79F}.Debug|x64.Build.0 = Debug|Any CPU
		{C91ECFC0-551D-43E1-97AB-5E5487E8F79F}.Debug|x86.ActiveCfg = Debug|Any CPU
		{C91ECFC0-551D-43E1-97AB-5E5487E8F79F}.Debug|x86.Build.0 = Debug|Any CPU
		{C91ECFC0-551D-43E1-97AB-5E5487E8F79F}.Portable|Any CPU.ActiveCfg = Debug|Any CPU
		{C91ECFC0-551D-43E1-97AB-5E5487E8F79F}.Portable|Any CPU.Build.0 = Debug|Any CPU
		{C91ECFC0-551D-43E1-97AB-5E5487E8F79F}.Portable|x64.ActiveCfg = Portable|Any CPU
		{C91ECFC0-551D-43E1-97AB-5E5487E8F79F}.Portable|x64.Build.0 = Portable|Any CPU
		{C91ECFC0-551D-43E1-97AB-5E5487E8F79F}.Portable|x86.ActiveCfg = Portable|Any CPU
		{C91ECFC0-551D-43E1-97AB-5E5487E8F79F}.Portable|x86.Build.0 = Portable|Any CPU
		{C91ECFC0-551D-43E1-97AB-5E5487E8F79F}.Release|Any CPU.ActiveCfg = Release|Any CPU
		{C91ECFC0-551D-43E1-97AB-5E5487E8F79F}.Release|Any CPU.Build.0 = Release|Any CPU
		{C91ECFC0-551D-43E1-97AB-5E5487E8F79F}.Release|x64.ActiveCfg = Release|Any CPU
		{C91ECFC0-551D-43E1-97AB-5E5487E8F79F}.Release|x64.Build.0 = Release|Any CPU
		{C91ECFC0-551D-43E1-97AB-5E5487E8F79F}.Release|x86.ActiveCfg = Release|Any CPU
		{C91ECFC0-551D-43E1-97AB-5E5487E8F79F}.Release|x86.Build.0 = Release|Any CPU
		{4DF9B2AC-5BC6-44AF-A105-39B67B330705}.Debug|Any CPU.ActiveCfg = Debug|Any CPU
		{4DF9B2AC-5BC6-44AF-A105-39B67B330705}.Debug|Any CPU.Build.0 = Debug|Any CPU
		{4DF9B2AC-5BC6-44AF-A105-39B67B330705}.Debug|x64.ActiveCfg = Debug|Any CPU
		{4DF9B2AC-5BC6-44AF-A105-39B67B330705}.Debug|x64.Build.0 = Debug|Any CPU
		{4DF9B2AC-5BC6-44AF-A105-39B67B330705}.Debug|x86.ActiveCfg = Debug|Any CPU
		{4DF9B2AC-5BC6-44AF-A105-39B67B330705}.Debug|x86.Build.0 = Debug|Any CPU
		{4DF9B2AC-5BC6-44AF-A105-39B67B330705}.Portable|Any CPU.ActiveCfg = Debug|Any CPU
		{4DF9B2AC-5BC6-44AF-A105-39B67B330705}.Portable|Any CPU.Build.0 = Debug|Any CPU
		{4DF9B2AC-5BC6-44AF-A105-39B67B330705}.Portable|x64.ActiveCfg = Portable|Any CPU
		{4DF9B2AC-5BC6-44AF-A105-39B67B330705}.Portable|x64.Build.0 = Portable|Any CPU
		{4DF9B2AC-5BC6-44AF-A105-39B67B330705}.Portable|x86.ActiveCfg = Portable|Any CPU
		{4DF9B2AC-5BC6-44AF-A105-39B67B330705}.Portable|x86.Build.0 = Portable|Any CPU
		{4DF9B2AC-5BC6-44AF-A105-39B67B330705}.Release|Any CPU.ActiveCfg = Release|Any CPU
		{4DF9B2AC-5BC6-44AF-A105-39B67B330705}.Release|Any CPU.Build.0 = Release|Any CPU
		{4DF9B2AC-5BC6-44AF-A105-39B67B330705}.Release|x64.ActiveCfg = Release|Any CPU
		{4DF9B2AC-5BC6-44AF-A105-39B67B330705}.Release|x64.Build.0 = Release|Any CPU
		{4DF9B2AC-5BC6-44AF-A105-39B67B330705}.Release|x86.ActiveCfg = Release|Any CPU
		{4DF9B2AC-5BC6-44AF-A105-39B67B330705}.Release|x86.Build.0 = Release|Any CPU
		{B8CE288A-8D89-4FA3-B9A5-CCD854AD7311}.Debug|Any CPU.ActiveCfg = Debug|Any CPU
		{B8CE288A-8D89-4FA3-B9A5-CCD854AD7311}.Debug|Any CPU.Build.0 = Debug|Any CPU
		{B8CE288A-8D89-4FA3-B9A5-CCD854AD7311}.Debug|x64.ActiveCfg = Debug|Any CPU
		{B8CE288A-8D89-4FA3-B9A5-CCD854AD7311}.Debug|x64.Build.0 = Debug|Any CPU
		{B8CE288A-8D89-4FA3-B9A5-CCD854AD7311}.Debug|x86.ActiveCfg = Debug|Any CPU
		{B8CE288A-8D89-4FA3-B9A5-CCD854AD7311}.Debug|x86.Build.0 = Debug|Any CPU
		{B8CE288A-8D89-4FA3-B9A5-CCD854AD7311}.Portable|Any CPU.ActiveCfg = Debug|Any CPU
		{B8CE288A-8D89-4FA3-B9A5-CCD854AD7311}.Portable|Any CPU.Build.0 = Debug|Any CPU
		{B8CE288A-8D89-4FA3-B9A5-CCD854AD7311}.Portable|x64.ActiveCfg = Debug|Any CPU
		{B8CE288A-8D89-4FA3-B9A5-CCD854AD7311}.Portable|x64.Build.0 = Debug|Any CPU
		{B8CE288A-8D89-4FA3-B9A5-CCD854AD7311}.Portable|x86.ActiveCfg = Debug|Any CPU
		{B8CE288A-8D89-4FA3-B9A5-CCD854AD7311}.Portable|x86.Build.0 = Debug|Any CPU
		{B8CE288A-8D89-4FA3-B9A5-CCD854AD7311}.Release|Any CPU.ActiveCfg = Release|Any CPU
		{B8CE288A-8D89-4FA3-B9A5-CCD854AD7311}.Release|Any CPU.Build.0 = Release|Any CPU
		{B8CE288A-8D89-4FA3-B9A5-CCD854AD7311}.Release|x64.ActiveCfg = Release|Any CPU
		{B8CE288A-8D89-4FA3-B9A5-CCD854AD7311}.Release|x64.Build.0 = Release|Any CPU
		{B8CE288A-8D89-4FA3-B9A5-CCD854AD7311}.Release|x86.ActiveCfg = Release|Any CPU
		{B8CE288A-8D89-4FA3-B9A5-CCD854AD7311}.Release|x86.Build.0 = Release|Any CPU
		{C74A3559-2729-4F82-9B47-0AFF445541B1}.Debug|Any CPU.ActiveCfg = Debug|Any CPU
		{C74A3559-2729-4F82-9B47-0AFF445541B1}.Debug|Any CPU.Build.0 = Debug|Any CPU
		{C74A3559-2729-4F82-9B47-0AFF445541B1}.Debug|x64.ActiveCfg = Debug|Any CPU
		{C74A3559-2729-4F82-9B47-0AFF445541B1}.Debug|x64.Build.0 = Debug|Any CPU
		{C74A3559-2729-4F82-9B47-0AFF445541B1}.Debug|x86.ActiveCfg = Debug|Any CPU
		{C74A3559-2729-4F82-9B47-0AFF445541B1}.Debug|x86.Build.0 = Debug|Any CPU
		{C74A3559-2729-4F82-9B47-0AFF445541B1}.Portable|Any CPU.ActiveCfg = Debug|Any CPU
		{C74A3559-2729-4F82-9B47-0AFF445541B1}.Portable|Any CPU.Build.0 = Debug|Any CPU
		{C74A3559-2729-4F82-9B47-0AFF445541B1}.Portable|x64.ActiveCfg = Debug|Any CPU
		{C74A3559-2729-4F82-9B47-0AFF445541B1}.Portable|x64.Build.0 = Debug|Any CPU
		{C74A3559-2729-4F82-9B47-0AFF445541B1}.Portable|x86.ActiveCfg = Debug|Any CPU
		{C74A3559-2729-4F82-9B47-0AFF445541B1}.Portable|x86.Build.0 = Debug|Any CPU
		{C74A3559-2729-4F82-9B47-0AFF445541B1}.Release|Any CPU.ActiveCfg = Release|Any CPU
		{C74A3559-2729-4F82-9B47-0AFF445541B1}.Release|Any CPU.Build.0 = Release|Any CPU
		{C74A3559-2729-4F82-9B47-0AFF445541B1}.Release|x64.ActiveCfg = Release|Any CPU
		{C74A3559-2729-4F82-9B47-0AFF445541B1}.Release|x64.Build.0 = Release|Any CPU
		{C74A3559-2729-4F82-9B47-0AFF445541B1}.Release|x86.ActiveCfg = Release|Any CPU
		{C74A3559-2729-4F82-9B47-0AFF445541B1}.Release|x86.Build.0 = Release|Any CPU
		{F3D873FB-9759-48B5-884E-CB8FCC2F3D59}.Debug|Any CPU.ActiveCfg = Debug|Any CPU
		{F3D873FB-9759-48B5-884E-CB8FCC2F3D59}.Debug|Any CPU.Build.0 = Debug|Any CPU
		{F3D873FB-9759-48B5-884E-CB8FCC2F3D59}.Debug|x64.ActiveCfg = Debug|Any CPU
		{F3D873FB-9759-48B5-884E-CB8FCC2F3D59}.Debug|x64.Build.0 = Debug|Any CPU
		{F3D873FB-9759-48B5-884E-CB8FCC2F3D59}.Debug|x86.ActiveCfg = Debug|Any CPU
		{F3D873FB-9759-48B5-884E-CB8FCC2F3D59}.Debug|x86.Build.0 = Debug|Any CPU
		{F3D873FB-9759-48B5-884E-CB8FCC2F3D59}.Portable|Any CPU.ActiveCfg = Debug|Any CPU
		{F3D873FB-9759-48B5-884E-CB8FCC2F3D59}.Portable|Any CPU.Build.0 = Debug|Any CPU
		{F3D873FB-9759-48B5-884E-CB8FCC2F3D59}.Portable|x64.ActiveCfg = Debug|Any CPU
		{F3D873FB-9759-48B5-884E-CB8FCC2F3D59}.Portable|x64.Build.0 = Debug|Any CPU
		{F3D873FB-9759-48B5-884E-CB8FCC2F3D59}.Portable|x86.ActiveCfg = Debug|Any CPU
		{F3D873FB-9759-48B5-884E-CB8FCC2F3D59}.Portable|x86.Build.0 = Debug|Any CPU
		{F3D873FB-9759-48B5-884E-CB8FCC2F3D59}.Release|Any CPU.ActiveCfg = Release|Any CPU
		{F3D873FB-9759-48B5-884E-CB8FCC2F3D59}.Release|Any CPU.Build.0 = Release|Any CPU
		{F3D873FB-9759-48B5-884E-CB8FCC2F3D59}.Release|x64.ActiveCfg = Release|Any CPU
		{F3D873FB-9759-48B5-884E-CB8FCC2F3D59}.Release|x64.Build.0 = Release|Any CPU
		{F3D873FB-9759-48B5-884E-CB8FCC2F3D59}.Release|x86.ActiveCfg = Release|Any CPU
		{F3D873FB-9759-48B5-884E-CB8FCC2F3D59}.Release|x86.Build.0 = Release|Any CPU
		{7E2A47BC-3B87-4275-91AE-C2CA23E57A92}.Debug|Any CPU.ActiveCfg = Debug|Any CPU
		{7E2A47BC-3B87-4275-91AE-C2CA23E57A92}.Debug|Any CPU.Build.0 = Debug|Any CPU
		{7E2A47BC-3B87-4275-91AE-C2CA23E57A92}.Debug|x64.ActiveCfg = Debug|Any CPU
		{7E2A47BC-3B87-4275-91AE-C2CA23E57A92}.Debug|x64.Build.0 = Debug|Any CPU
		{7E2A47BC-3B87-4275-91AE-C2CA23E57A92}.Debug|x86.ActiveCfg = Debug|Any CPU
		{7E2A47BC-3B87-4275-91AE-C2CA23E57A92}.Debug|x86.Build.0 = Debug|Any CPU
		{7E2A47BC-3B87-4275-91AE-C2CA23E57A92}.Portable|Any CPU.ActiveCfg = Debug|Any CPU
		{7E2A47BC-3B87-4275-91AE-C2CA23E57A92}.Portable|Any CPU.Build.0 = Debug|Any CPU
		{7E2A47BC-3B87-4275-91AE-C2CA23E57A92}.Portable|x64.ActiveCfg = Debug|Any CPU
		{7E2A47BC-3B87-4275-91AE-C2CA23E57A92}.Portable|x64.Build.0 = Debug|Any CPU
		{7E2A47BC-3B87-4275-91AE-C2CA23E57A92}.Portable|x86.ActiveCfg = Debug|Any CPU
		{7E2A47BC-3B87-4275-91AE-C2CA23E57A92}.Portable|x86.Build.0 = Debug|Any CPU
		{7E2A47BC-3B87-4275-91AE-C2CA23E57A92}.Release|Any CPU.ActiveCfg = Release|Any CPU
		{7E2A47BC-3B87-4275-91AE-C2CA23E57A92}.Release|Any CPU.Build.0 = Release|Any CPU
		{7E2A47BC-3B87-4275-91AE-C2CA23E57A92}.Release|x64.ActiveCfg = Release|Any CPU
		{7E2A47BC-3B87-4275-91AE-C2CA23E57A92}.Release|x64.Build.0 = Release|Any CPU
		{7E2A47BC-3B87-4275-91AE-C2CA23E57A92}.Release|x86.ActiveCfg = Release|Any CPU
		{7E2A47BC-3B87-4275-91AE-C2CA23E57A92}.Release|x86.Build.0 = Release|Any CPU
		{52407C35-D942-47A3-BF6D-6CC935C3A80A}.Debug|Any CPU.ActiveCfg = Debug|Any CPU
		{52407C35-D942-47A3-BF6D-6CC935C3A80A}.Debug|Any CPU.Build.0 = Debug|Any CPU
		{52407C35-D942-47A3-BF6D-6CC935C3A80A}.Debug|x64.ActiveCfg = Debug|Any CPU
		{52407C35-D942-47A3-BF6D-6CC935C3A80A}.Debug|x64.Build.0 = Debug|Any CPU
		{52407C35-D942-47A3-BF6D-6CC935C3A80A}.Debug|x86.ActiveCfg = Debug|Any CPU
		{52407C35-D942-47A3-BF6D-6CC935C3A80A}.Debug|x86.Build.0 = Debug|Any CPU
		{52407C35-D942-47A3-BF6D-6CC935C3A80A}.Portable|Any CPU.ActiveCfg = Debug|Any CPU
		{52407C35-D942-47A3-BF6D-6CC935C3A80A}.Portable|Any CPU.Build.0 = Debug|Any CPU
		{52407C35-D942-47A3-BF6D-6CC935C3A80A}.Portable|x64.ActiveCfg = Debug|Any CPU
		{52407C35-D942-47A3-BF6D-6CC935C3A80A}.Portable|x64.Build.0 = Debug|Any CPU
		{52407C35-D942-47A3-BF6D-6CC935C3A80A}.Portable|x86.ActiveCfg = Debug|Any CPU
		{52407C35-D942-47A3-BF6D-6CC935C3A80A}.Portable|x86.Build.0 = Debug|Any CPU
		{52407C35-D942-47A3-BF6D-6CC935C3A80A}.Release|Any CPU.ActiveCfg = Release|Any CPU
		{52407C35-D942-47A3-BF6D-6CC935C3A80A}.Release|Any CPU.Build.0 = Release|Any CPU
		{52407C35-D942-47A3-BF6D-6CC935C3A80A}.Release|x64.ActiveCfg = Release|Any CPU
		{52407C35-D942-47A3-BF6D-6CC935C3A80A}.Release|x64.Build.0 = Release|Any CPU
		{52407C35-D942-47A3-BF6D-6CC935C3A80A}.Release|x86.ActiveCfg = Release|Any CPU
		{52407C35-D942-47A3-BF6D-6CC935C3A80A}.Release|x86.Build.0 = Release|Any CPU
	EndGlobalSection
	GlobalSection(SolutionProperties) = preSolution
		HideSolutionNode = FALSE
	EndGlobalSection
	GlobalSection(ExtensibilityGlobals) = postSolution
		SolutionGuid = {D20C4A3C-E51E-4AC6-88A6-CC58CB30E65A}
	EndGlobalSection
EndGlobal
