Microsoft Visual Studio Solution File, Format Version 12.00
# Visual Studio Version 17
VisualStudioVersion = 17.5.2.0
MinimumVisualStudioVersion = 10.0.40219.1
Project("{FAE04EC0-301F-11D3-BF4B-00C04F79EFBC}") = "CircuitDiagram.UI", "CircuitDiagram.UI.csproj", "{83DF332C-82A6-922A-EE5D-C3F9553F66B3}"
EndProject
Global
	GlobalSection(SolutionConfigurationPlatforms) = preSolution
		Debug|Any CPU = Debug|Any CPU
		Release|Any CPU = Release|Any CPU
	EndGlobalSection
	GlobalSection(ProjectConfigurationPlatforms) = postSolution
		{83DF332C-82A6-922A-EE5D-C3F9553F66B3}.Debug|Any CPU.ActiveCfg = Debug|Any CPU
		{83DF332C-82A6-922A-EE5D-C3F9553F66B3}.Debug|Any CPU.Build.0 = Debug|Any CPU
		{83DF332C-82A6-922A-EE5D-C3F9553F66B3}.Release|Any CPU.ActiveCfg = Release|Any CPU
		{83DF332C-82A6-922A-EE5D-C3F9553F66B3}.Release|Any CPU.Build.0 = Release|Any CPU
	EndGlobalSection
	GlobalSection(SolutionProperties) = preSolution
		HideSolutionNode = FALSE
	EndGlobalSection
	GlobalSection(ExtensibilityGlobals) = postSolution
		SolutionGuid = {5C0CAB46-E85A-43FE-B867-EFDC926D1E99}
	EndGlobalSection
EndGlobal
